
Microsoft Visual Studio Solution File, Format Version 12.00
# Visual Studio 15
VisualStudioVersion = 15.0.27004.2005
MinimumVisualStudioVersion = 10.0.40219.1
Project("{FAE04EC0-301F-11D3-BF4B-00C04F79EFBC}") = "Skypelogger", "Skypelogger\Skypelogger.csproj", "{F75C67A2-DF74-454A-B022-EF2253370E8E}"
EndProject
Project("{FAE04EC0-301F-11D3-BF4B-00C04F79EFBC}") = "Skypelogger.core", "Skypelogger.core\Skypelogger.core.csproj", "{50C2D217-8133-4B4D-8FFC-F60580520A1E}"
EndProject
Project("{FAE04EC0-301F-11D3-BF4B-00C04F79EFBC}") = "Skypelogger.service", "Skypelogger.service\Skypelogger.service.csproj", "{6FA181EA-3490-4832-A34B-4B7F0FD3E3D0}"
EndProject
Project("{FAE04EC0-301F-11D3-BF4B-00C04F79EFBC}") = "Skypelogger.DomainModels", "Skypelogger.DomainModels\Skypelogger.DomainModels.csproj", "{4B5C5165-1AD9-479F-94AA-E1393A29AC0B}"
EndProject
Project("{FAE04EC0-301F-11D3-BF4B-00C04F79EFBC}") = "Skypelogger.console", "Skypelogger.console\Skypelogger.console.csproj", "{04775372-991B-42AE-B088-8261A2748182}"
EndProject
Global
	GlobalSection(SolutionConfigurationPlatforms) = preSolution
		Debug|Any CPU = Debug|Any CPU
		Release|Any CPU = Release|Any CPU
	EndGlobalSection
	GlobalSection(ProjectConfigurationPlatforms) = postSolution
		{F75C67A2-DF74-454A-B022-EF2253370E8E}.Debug|Any CPU.ActiveCfg = Debug|Any CPU
		{F75C67A2-DF74-454A-B022-EF2253370E8E}.Debug|Any CPU.Build.0 = Debug|Any CPU
		{F75C67A2-DF74-454A-B022-EF2253370E8E}.Release|Any CPU.ActiveCfg = Release|Any CPU
		{F75C67A2-DF74-454A-B022-EF2253370E8E}.Release|Any CPU.Build.0 = Release|Any CPU
		{50C2D217-8133-4B4D-8FFC-F60580520A1E}.Debug|Any CPU.ActiveCfg = Debug|Any CPU
		{50C2D217-8133-4B4D-8FFC-F60580520A1E}.Debug|Any CPU.Build.0 = Debug|Any CPU
		{50C2D217-8133-4B4D-8FFC-F60580520A1E}.Release|Any CPU.ActiveCfg = Release|Any CPU
		{50C2D217-8133-4B4D-8FFC-F60580520A1E}.Release|Any CPU.Build.0 = Release|Any CPU
		{6FA181EA-3490-4832-A34B-4B7F0FD3E3D0}.Debug|Any CPU.ActiveCfg = Debug|Any CPU
		{6FA181EA-3490-4832-A34B-4B7F0FD3E3D0}.Debug|Any CPU.Build.0 = Debug|Any CPU
		{6FA181EA-3490-4832-A34B-4B7F0FD3E3D0}.Release|Any CPU.ActiveCfg = Release|Any CPU
		{6FA181EA-3490-4832-A34B-4B7F0FD3E3D0}.Release|Any CPU.Build.0 = Release|Any CPU
		{4B5C5165-1AD9-479F-94AA-E1393A29AC0B}.Debug|Any CPU.ActiveCfg = Debug|Any CPU
		{4B5C5165-1AD9-479F-94AA-E1393A29AC0B}.Debug|Any CPU.Build.0 = Debug|Any CPU
		{4B5C5165-1AD9-479F-94AA-E1393A29AC0B}.Release|Any CPU.ActiveCfg = Release|Any CPU
		{4B5C5165-1AD9-479F-94AA-E1393A29AC0B}.Release|Any CPU.Build.0 = Release|Any CPU
		{04775372-991B-42AE-B088-8261A2748182}.Debug|Any CPU.ActiveCfg = Debug|Any CPU
		{04775372-991B-42AE-B088-8261A2748182}.Debug|Any CPU.Build.0 = Debug|Any CPU
		{04775372-991B-42AE-B088-8261A2748182}.Release|Any CPU.ActiveCfg = Release|Any CPU
		{04775372-991B-42AE-B088-8261A2748182}.Release|Any CPU.Build.0 = Release|Any CPU
	EndGlobalSection
	GlobalSection(SolutionProperties) = preSolution
		HideSolutionNode = FALSE
	EndGlobalSection
	GlobalSection(ExtensibilityGlobals) = postSolution
		SolutionGuid = {053009E4-A271-4811-8912-7F9DB017A87E}
	EndGlobalSection
EndGlobal
